
Microsoft Visual Studio Solution File, Format Version 12.00
# Visual Studio Version 16
VisualStudioVersion = 16.0.31624.102
MinimumVisualStudioVersion = 10.0.40219.1
Project("{8BC9CEB8-8B4A-11D0-8D11-00A0C91BC942}") = "Algorithms_2021", "Algorithms_2021.vcxproj", "{E567C326-2ADA-461A-8932-1E1B1AAEDC99}"
EndProject
Global
	GlobalSection(SolutionConfigurationPlatforms) = preSolution
		Debug|x64 = Debug|x64
		Debug|x86 = Debug|x86
		Release|x64 = Release|x64
		Release|x86 = Release|x86
	EndGlobalSection
	GlobalSection(ProjectConfigurationPlatforms) = postSolution
		{E567C326-2ADA-461A-8932-1E1B1AAEDC99}.Debug|x64.ActiveCfg = Debug|x64
		{E567C326-2ADA-461A-8932-1E1B1AAEDC99}.Debug|x64.Build.0 = Debug|x64
		{E567C326-2ADA-461A-8932-1E1B1AAEDC99}.Debug|x86.ActiveCfg = Debug|Win32
		{E567C326-2ADA-461A-8932-1E1B1AAEDC99}.Debug|x86.Build.0 = Debug|Win32
		{E567C326-2ADA-461A-8932-1E1B1AAEDC99}.Release|x64.ActiveCfg = Release|x64
		{E567C326-2ADA-461A-8932-1E1B1AAEDC99}.Release|x64.Build.0 = Release|x64
		{E567C326-2ADA-461A-8932-1E1B1AAEDC99}.Release|x86.ActiveCfg = Release|Win32
		{E567C326-2ADA-461A-8932-1E1B1AAEDC99}.Release|x86.Build.0 = Release|Win32
	EndGlobalSection
	GlobalSection(SolutionProperties) = preSolution
		HideSolutionNode = FALSE
	EndGlobalSection
	GlobalSection(ExtensibilityGlobals) = postSolution
		SolutionGuid = {CA4A817E-A068-49FC-85D2-46A86F9F093D}
	EndGlobalSection
EndGlobal
